{
  "nodes": {
    "libstd": {
      "flake": false,
      "locked": {
        "lastModified": 1785011809,
        "narHash": "sha256-AEWdL/jb7bq/DFgYxjWJAJYFgn3fDUohnIZGTP0yRok=",
        "owner": "pg83",
        "repo": "std",
        "rev": "08cfcdfd638d12f7730a2e379b0cd0c40d2d612c",
        "type": "github"
      },
      "original": {
        "owner": "pg83",
        "repo": "std",
        "rev": "08cfcdfd638d12f7730a2e379b0cd0c40d2d612c",
        "type": "github"
      }
    },
    "nixpkgs": {
      "locked": {
        "lastModified": 1784120854,
        "narHash": "sha256-KesHgItiZPgGX740axSiQLcIQ8D24MDqNpkKYWIek8k=",
        "owner": "NixOS",
        "repo": "nixpkgs",
        "rev": "753cc8a3a87467296ddd1fa93f0cc3e81120ee46",
        "type": "github"
      },
      "original": {
        "owner": "NixOS",
        "ref": "nixos-unstable",
        "repo": "nixpkgs",
        "type": "github"
      }
    },
    "root": {
      "inputs": {
        "libstd": "libstd",
        "nixpkgs": "nixpkgs"
      }
    }
  },
  "root": "root",
  "version": 7
}
